{
  "name": "vanilla-chat-gelectron",
  "version": "1.0.0",
  "lockfileVersion": 3,
  "requires": true,
  "packages": {
    "": {
      "name": "vanilla-chat-gelectron",
      "version": "1.0.0",
      "dependencies": {
        "gelectron-core": "^0.1.1",
        "gelectron-ollama": "file:../../gelectron-ollama"
      }
    },
    "../../gelectron-ollama": {
      "version": "0.1.0",
      "license": "MIT",
      "dependencies": {
        "tar": "^7.4.3",
        "yauzl": "^3.2.0"
      },
      "devDependencies": {
        "@types/jest": "^30.0.0",
        "@types/node": "^20.10.0",
        "@types/yauzl": "^2.10.3",
        "@typescript-eslint/eslint-plugin": "^6.21.0",
        "@typescript-eslint/parser": "^6.21.0",
        "eslint": "^8.54.0",
        "eslint-config-prettier": "^9.0.0",
        "eslint-plugin-prettier": "^5.0.0",
        "jest": "^29.7.0",
        "prettier": "^3.1.0",
        "rimraf": "^5.0.5",
        "ts-jest": "^29.1.0",
        "typescript": "^5.3.0"
      },
      "engines": {
        "node": ">=18.0.0"
      }
    },
    "node_modules/gelectron-core": {
      "version": "0.1.1",
      "resolved": "https://registry.npmjs.org/gelectron-core/-/gelectron-core-0.1.1.tgz",
      "integrity": "sha512-LxvuVlVasWZDEm1MQ2Hj5fLpQQHaz9ub8T06cRx2WXdsj2g0OuZbmCnHhXXTPDyWwE0kIeI4MsuTKl8bT8WRmA==",
      "license": "MIT",
      "bin": {
        "gelectron-core": "cli/gelectron.js"
      },
      "engines": {
        "node": ">=18.0.0"
      },
      "optionalDependencies": {
        "gelectron-core-darwin-arm64": "0.1.1",
        "gelectron-core-darwin-x64": "0.1.1",
        "gelectron-core-linux-arm64-gnu": "0.1.1",
        "gelectron-core-linux-x64-gnu": "0.1.1",
        "gelectron-core-win32-arm64-msvc": "0.1.1",
        "gelectron-core-win32-x64-msvc": "0.1.1",
        "gelectron-darwin-arm64": "0.1.1",
        "gelectron-darwin-x64": "0.1.1",
        "gelectron-linux-arm64-gnu": "0.1.1",
        "gelectron-linux-x64-gnu": "0.1.1",
        "gelectron-win32-arm64-msvc": "0.1.1",
        "gelectron-win32-x64-msvc": "0.1.1"
      }
    },
    "node_modules/gelectron-darwin-arm64": {
      "version": "0.1.1",
      "resolved": "https://registry.npmjs.org/gelectron-darwin-arm64/-/gelectron-darwin-arm64-0.1.1.tgz",
      "integrity": "sha512-7kMnhoY/eaZPzZqQBMPwJR+mcVBMzdMqZ2f6/5f+gjXNVgtccV2ip2bOyggxzoYaU2OMqobM8tGQhIrF0tUgyw==",
      "cpu": [
        "arm64"
      ],
      "license": "MIT",
      "optional": true,
      "os": [
        "darwin"
      ]
    },
    "node_modules/gelectron-darwin-x64": {
      "version": "0.1.1",
      "resolved": "https://registry.npmjs.org/gelectron-darwin-x64/-/gelectron-darwin-x64-0.1.1.tgz",
      "integrity": "sha512-8CtYzvwyZ8m0+RYnRFXnzvWKPJkh+YvsgTuRumC+aySmppS2nSeFkW9H4gIyqBk7VkiPyHyI6ETmLuY/TqTibA==",
      "cpu": [
        "x64"
      ],
      "license": "MIT",
      "optional": true,
      "os": [
        "darwin"
      ]
    },
    "node_modules/gelectron-ollama": {
      "resolved": "../../gelectron-ollama",
      "link": true
    },
    "node_modules/gelectron-win32-arm64-msvc": {
      "version": "0.1.1",
      "resolved": "https://registry.npmjs.org/gelectron-win32-arm64-msvc/-/gelectron-win32-arm64-msvc-0.1.1.tgz",
      "integrity": "sha512-/dg+fvsD79irxJIjDvUDgdJtdzCM9U1bOzAJpYK0AGw23xG1r2hcRp75TUxhowj5qJ5RrfdhYK8kwllGNvLNlg==",
      "cpu": [
        "arm64"
      ],
      "license": "MIT",
      "optional": true,
      "os": [
        "win32"
      ]
    },
    "node_modules/gelectron-win32-x64-msvc": {
      "version": "0.1.1",
      "resolved": "https://registry.npmjs.org/gelectron-win32-x64-msvc/-/gelectron-win32-x64-msvc-0.1.1.tgz",
      "integrity": "sha512-EbdZD9QS25MkiVVZnEzJxZSfdMD0zdspEIK6mjMIKw42UBrNK9HrF5zS+UIJs/bgBwrL/XEuRISjHeBWICEI/A==",
      "cpu": [
        "x64"
      ],
      "license": "MIT",
      "optional": true,
      "os": [
        "win32"
      ]
    }
  }
}
